
Microsoft Visual Studio Solution File, Format Version 12.00
# Visual Studio Version 16
VisualStudioVersion = 16.0.32228.343
MinimumVisualStudioVersion = 10.0.40219.1
Project("{FAE04EC0-301F-11D3-BF4B-00C04F79EFBC}") = "GabrielaSabinoEstetica", "GabrielaSabinoEstetica\GabrielaSabinoEstetica.csproj", "{8894A669-794A-4B57-AE81-59D5211FC71E}"
EndProject
Global
	GlobalSection(SolutionConfigurationPlatforms) = preSolution
		Debug|Any CPU = Debug|Any CPU
		Release|Any CPU = Release|Any CPU
	EndGlobalSection
	GlobalSection(ProjectConfigurationPlatforms) = postSolution
		{8894A669-794A-4B57-AE81-59D5211FC71E}.Debug|Any CPU.ActiveCfg = Debug|Any CPU
		{8894A669-794A-4B57-AE81-59D5211FC71E}.Debug|Any CPU.Build.0 = Debug|Any CPU
		{8894A669-794A-4B57-AE81-59D5211FC71E}.Release|Any CPU.ActiveCfg = Release|Any CPU
		{8894A669-794A-4B57-AE81-59D5211FC71E}.Release|Any CPU.Build.0 = Release|Any CPU
	EndGlobalSection
	GlobalSection(SolutionProperties) = preSolution
		HideSolutionNode = FALSE
	EndGlobalSection
	GlobalSection(ExtensibilityGlobals) = postSolution
		SolutionGuid = {430EA8C1-CCF1-461E-BAD2-4D9C0383253A}
	EndGlobalSection
EndGlobal
